
Microsoft Visual Studio Solution File, Format Version 12.00
# Visual Studio Version 17
VisualStudioVersion = 17.4.33213.308
MinimumVisualStudioVersion = 10.0.40219.1
Project("{9A19103F-16F7-4668-BE54-9A1E7A4F7556}") = "stalcraft-sharp", "stalcraft-sharp\stalcraft-sharp.csproj", "{A8187CB6-046D-43BA-AC24-03AC848A5874}"
EndProject
Project("{FAE04EC0-301F-11D3-BF4B-00C04F79EFBC}") = "stalcraft-sharp-testing", "stalcraft-sharp-testing\stalcraft-sharp-testing.csproj", "{FFEC79EB-64F1-4CA3-9E1C-972F520D68ED}"
EndProject
Global
	GlobalSection(SolutionConfigurationPlatforms) = preSolution
		Debug|Any CPU = Debug|Any CPU
		Release|Any CPU = Release|Any CPU
	EndGlobalSection
	GlobalSection(ProjectConfigurationPlatforms) = postSolution
		{A8187CB6-046D-43BA-AC24-03AC848A5874}.Debug|Any CPU.ActiveCfg = Debug|Any CPU
		{A8187CB6-046D-43BA-AC24-03AC848A5874}.Debug|Any CPU.Build.0 = Debug|Any CPU
		{A8187CB6-046D-43BA-AC24-03AC848A5874}.Release|Any CPU.ActiveCfg = Release|Any CPU
		{A8187CB6-046D-43BA-AC24-03AC848A5874}.Release|Any CPU.Build.0 = Release|Any CPU
		{FFEC79EB-64F1-4CA3-9E1C-972F520D68ED}.Debug|Any CPU.ActiveCfg = Debug|Any CPU
		{FFEC79EB-64F1-4CA3-9E1C-972F520D68ED}.Debug|Any CPU.Build.0 = Debug|Any CPU
		{FFEC79EB-64F1-4CA3-9E1C-972F520D68ED}.Release|Any CPU.ActiveCfg = Release|Any CPU
		{FFEC79EB-64F1-4CA3-9E1C-972F520D68ED}.Release|Any CPU.Build.0 = Release|Any CPU
	EndGlobalSection
	GlobalSection(SolutionProperties) = preSolution
		HideSolutionNode = FALSE
	EndGlobalSection
	GlobalSection(ExtensibilityGlobals) = postSolution
		SolutionGuid = {5B45A410-CD1D-4B92-B74B-918339BE4D20}
	EndGlobalSection
EndGlobal
